{
  "name": "pitne-voter-app",
  "lockfileVersion": 3,
  "requires": true,
  "packages": {
    "": {
      "dependencies": {
        "@netlify/plugin-nextjs": "^5.3.2"
      }
    },
    "node_modules/@netlify/plugin-nextjs": {
      "version": "5.3.2",
      "resolved": "https://registry.npmjs.org/@netlify/plugin-nextjs/-/plugin-nextjs-5.3.2.tgz",
      "integrity": "sha512-DC3sNpWnnhIfJxAfqdktbkU2LxYUDKCVQnxqEhJSyheQ5G9ILu1spUKa5pEe8X2EvtH8FwtMAc7Gi5h6pft22A==",
      "engines": {
        "node": ">=18.0.0"
      }
    }
  }
}
